
Microsoft Visual Studio Solution File, Format Version 12.00
# Visual Studio Version 17
VisualStudioVersion = 17.0.31903.59
MinimumVisualStudioVersion = 10.0.40219.1
Project("{2150E333-8FDC-42A3-9474-1A3956D46DE8}") = "Mod", "Mod", "{4721CDBE-9835-733F-D50B-18F505229922}"
EndProject
Project("{2150E333-8FDC-42A3-9474-1A3956D46DE8}") = "Tests", "Tests", "{B2E7D4DF-8D21-7D63-7D3C-85D35303F146}"
EndProject
Project("{FAE04EC0-301F-11D3-BF4B-00C04F79EFBC}") = "ErenshorLogs", "mod\ErenshorLogs.csproj", "{4787AC1D-115B-475A-8219-309C822E5179}"
EndProject
Project("{FAE04EC0-301F-11D3-BF4B-00C04F79EFBC}") = "ErenshorLogs.Tests", "mod\tests\ErenshorLogs.Tests\ErenshorLogs.Tests.csproj", "{5F57F46F-D74D-4676-83F2-910FA7D58FBC}"
EndProject
Global
	GlobalSection(SolutionConfigurationPlatforms) = preSolution
		Debug|Any CPU = Debug|Any CPU
		Release|Any CPU = Release|Any CPU
	EndGlobalSection
	GlobalSection(ProjectConfigurationPlatforms) = postSolution
		{4787AC1D-115B-475A-8219-309C822E5179}.Debug|Any CPU.ActiveCfg = Debug|Any CPU
		{4787AC1D-115B-475A-8219-309C822E5179}.Debug|Any CPU.Build.0 = Debug|Any CPU
		{4787AC1D-115B-475A-8219-309C822E5179}.Release|Any CPU.ActiveCfg = Release|Any CPU
		{4787AC1D-115B-475A-8219-309C822E5179}.Release|Any CPU.Build.0 = Release|Any CPU
		{5F57F46F-D74D-4676-83F2-910FA7D58FBC}.Debug|Any CPU.ActiveCfg = Debug|Any CPU
		{5F57F46F-D74D-4676-83F2-910FA7D58FBC}.Debug|Any CPU.Build.0 = Debug|Any CPU
		{5F57F46F-D74D-4676-83F2-910FA7D58FBC}.Release|Any CPU.ActiveCfg = Release|Any CPU
		{5F57F46F-D74D-4676-83F2-910FA7D58FBC}.Release|Any CPU.Build.0 = Release|Any CPU
	EndGlobalSection
	GlobalSection(SolutionProperties) = preSolution
		HideSolutionNode = FALSE
	EndGlobalSection
	GlobalSection(NestedProjects) = preSolution
		{4787AC1D-115B-475A-8219-309C822E5179} = {4721CDBE-9835-733F-D50B-18F505229922}
		{5F57F46F-D74D-4676-83F2-910FA7D58FBC} = {B2E7D4DF-8D21-7D63-7D3C-85D35303F146}
	EndGlobalSection
EndGlobal
